// !$*UTF8*$!
{
	archiveVersion = 1;
	classes = {
	};
	objectVersion = 46;
	objects = {

/* Begin PBXBuildFile section */
		5E47E0871ADF8E0100AA64E7 /* image button.png in Resources */ = {isa = PBXBuildFile; fileRef = 5E47E0861ADF8E0100AA64E7 /* image button.png */; };
		5E47E08D1ADF915800AA64E7 /* Untitled.png in Resources */ = {isa = PBXBuildFile; fileRef = 5E47E08C1ADF915800AA64E7 /* Untitled.png */; };
		5E47E0931ADFACC300AA64E7 /* 414x95.png in Resources */ = {isa = PBXBuildFile; fileRef = 5E47E0921ADFACC300AA64E7 /* 414x95.png */; };
		5EC2C6921ADCEBDE00FEE1D9 /* main.m in Sources */ = {isa = PBXBuildFile; fileRef = 5EC2C6911ADCEBDE00FEE1D9 /* main.m */; };
		5EC2C6951ADCEBDE00FEE1D9 /* AppDelegate.m in Sources */ = {isa = PBXBuildFile; fileRef = 5EC2C6941ADCEBDE00FEE1D9 /* AppDelegate.m */; };
		5EC2C6981ADCEBDE00FEE1D9 /* ViewController.m in Sources */ = {isa = PBXBuildFile; fileRef = 5EC2C6971ADCEBDE00FEE1D9 /* ViewController.m */; };
		5EC2C69B1ADCEBDF00FEE1D9 /* Main.storyboard in Resources */ = {isa = PBXBuildFile; fileRef = 5EC2C6991ADCEBDF00FEE1D9 /* Main.storyboard */; };
		5EC2C69D1ADCEBDF00FEE1D9 /* Images.xcassets in Resources */ = {isa = PBXBuildFile; fileRef = 5EC2C69C1ADCEBDF00FEE1D9 /* Images.xcassets */; };
		5EC2C6A01ADCEBDF00FEE1D9 /* LaunchScreen.xib in Resources */ = {isa = PBXBuildFile; fileRef = 5EC2C69E1ADCEBDF00FEE1D9 /* LaunchScreen.xib */; };
		5EC2C6AC1ADCEBDF00FEE1D9 /* NotificationsTests.m in Sources */ = {isa = PBXBuildFile; fileRef = 5EC2C6AB1ADCEBDF00FEE1D9 /* NotificationsTests.m */; };
/* End PBXBuildFile section */

/* Begin PBXContainerItemProxy section */
		5EC2C6A61ADCEBDF00FEE1D9 /* PBXContainerItemProxy */ = {
			isa = PBXContainerItemProxy;
			containerPortal = 5EC2C6841ADCEBDE00FEE1D9 /* Project object */;
			proxyType = 1;
			remoteGlobalIDString = 5EC2C68B1ADCEBDE00FEE1D9;
			remoteInfo = Notifications;
		};
/* End PBXContainerItemProxy section */

/* Begin PBXFileReference section */
		5E47E0861ADF8E0100AA64E7 /* image button.png */ = {isa = PBXFileReference; lastKnownFileType = image.png; path = "image button.png"; sourceTree = "<group>"; };
		5E47E08C1ADF915800AA64E7 /* Untitled.png */ = {isa = PBXFileReference; lastKnownFileType = image.png; path = Untitled.png; sourceTree = "<group>"; };
		5E47E0921ADFACC300AA64E7 /* 414x95.png */ = {isa = PBXFileReference; lastKnownFileType = image.png; path = 414x95.png; sourceTree = "<group>"; };
		5EC2C68C1ADCEBDE00FEE1D9 /* Notifications.app */ = {isa = PBXFileReference; explicitFileType = wrapper.application; includeInIndex = 0; path = Notifications.app; sourceTree = BUILT_PRODUCTS_DIR; };
		5EC2C6901ADCEBDE00FEE1D9 /* Info.plist */ = {isa = PBXFileReference; lastKnownFileType = text.plist.xml; path = Info.plist; sourceTree = "<group>"; };
		5EC2C6911ADCEBDE00FEE1D9 /* main.m */ = {isa = PBXFileReference; lastKnownFileType = sourcecode.c.objc; path = main.m; sourceTree = "<group>"; };
		5EC2C6931ADCEBDE00FEE1D9 /* AppDelegate.h */ = {isa = PBXFileReference; lastKnownFileType = sourcecode.c.h; path = AppDelegate.h; sourceTree = "<group>"; };
		5EC2C6941ADCEBDE00FEE1D9 /* AppDelegate.m */ = {isa = PBXFileReference; lastKnownFileType = sourcecode.c.objc; path = AppDelegate.m; sourceTree = "<group>"; };
		5EC2C6961ADCEBDE00FEE1D9 /* ViewController.h */ = {isa = PBXFileReference; lastKnownFileType = sourcecode.c.h; path = ViewController.h; sourceTree = "<group>"; };
		5EC2C6971ADCEBDE00FEE1D9 /* ViewController.m */ = {isa = PBXFileReference; lastKnownFileType = sourcecode.c.objc; path = ViewController.m; sourceTree = "<group>"; };
		5EC2C69A1ADCEBDF00FEE1D9 /* Base */ = {isa = PBXFileReference; lastKnownFileType = file.storyboard; name = Base; path = Base.lproj/Main.storyboard; sourceTree = "<group>"; };
		5EC2C69C1ADCEBDF00FEE1D9 /* Images.xcassets */ = {isa = PBXFileReference; lastKnownFileType = folder.assetcatalog; path = Images.xcassets; sourceTree = "<group>"; };
		5EC2C69F1ADCEBDF00FEE1D9 /* Base */ = {isa = PBXFileReference; lastKnownFileType = file.xib; name = Base; path = Base.lproj/LaunchScreen.xib; sourceTree = "<group>"; };
		5EC2C6A51ADCEBDF00FEE1D9 /* NotificationsTests.xctest */ = {isa = PBXFileReference; explicitFileType = wrapper.cfbundle; includeInIndex = 0; path = NotificationsTests.xctest; sourceTree = BUILT_PRODUCTS_DIR; };
		5EC2C6AA1ADCEBDF00FEE1D9 /* Info.plist */ = {isa = PBXFileReference; lastKnownFileType = text.plist.xml; path = Info.plist; sourceTree = "<group>"; };
		5EC2C6AB1ADCEBDF00FEE1D9 /* NotificationsTests.m */ = {isa = PBXFileReference; lastKnownFileType = sourcecode.c.objc; path = NotificationsTests.m; sourceTree = "<group>"; };
/* End PBXFileReference section */

/* Begin PBXFrameworksBuildPhase section */
		5EC2C6891ADCEBDE00FEE1D9 /* Frameworks */ = {
			isa = PBXFrameworksBuildPhase;
			buildActionMask = 2147483647;
			files = (
			);
			runOnlyForDeploymentPostprocessing = 0;
		};
		5EC2C6A21ADCEBDF00FEE1D9 /* Frameworks */ = {
			isa = PBXFrameworksBuildPhase;
			buildActionMask = 2147483647;
			files = (
			);
			runOnlyForDeploymentPostprocessing = 0;
		};
/* End PBXFrameworksBuildPhase section */

/* Begin PBXGroup section */
		5EC2C6831ADCEBDE00FEE1D9 = {
			isa = PBXGroup;
			children = (
				5EC2C68E1ADCEBDE00FEE1D9 /* Notifications */,
				5EC2C6A81ADCEBDF00FEE1D9 /* NotificationsTests */,
				5EC2C68D1ADCEBDE00FEE1D9 /* Products */,
			);
			sourceTree = "<group>";
		};
		5EC2C68D1ADCEBDE00FEE1D9 /* Products */ = {
			isa = PBXGroup;
			children = (
				5EC2C68C1ADCEBDE00FEE1D9 /* Notifications.app */,
				5EC2C6A51ADCEBDF00FEE1D9 /* NotificationsTests.xctest */,
			);
			name = Products;
			sourceTree = "<group>";
		};
		5EC2C68E1ADCEBDE00FEE1D9 /* Notifications */ = {
			isa = PBXGroup;
			children = (
				5EC2C6931ADCEBDE00FEE1D9 /* AppDelegate.h */,
				5EC2C6941ADCEBDE00FEE1D9 /* AppDelegate.m */,
				5EC2C6961ADCEBDE00FEE1D9 /* ViewController.h */,
				5EC2C6971ADCEBDE00FEE1D9 /* ViewController.m */,
				5E47E0861ADF8E0100AA64E7 /* image button.png */,
				5E47E08C1ADF915800AA64E7 /* Untitled.png */,
				5E47E0921ADFACC300AA64E7 /* 414x95.png */,
				5EC2C6991ADCEBDF00FEE1D9 /* Main.storyboard */,
				5EC2C69C1ADCEBDF00FEE1D9 /* Images.xcassets */,
				5EC2C69E1ADCEBDF00FEE1D9 /* LaunchScreen.xib */,
				5EC2C68F1ADCEBDE00FEE1D9 /* Supporting Files */,
			);
			path = Notifications;
			sourceTree = "<group>";
		};
		5EC2C68F1ADCEBDE00FEE1D9 /* Supporting Files */ = {
			isa = PBXGroup;
			children = (
				5EC2C6901ADCEBDE00FEE1D9 /* Info.plist */,
				5EC2C6911ADCEBDE00FEE1D9 /* main.m */,
			);
			name = "Supporting Files";
			sourceTree = "<group>";
		};
		5EC2C6A81ADCEBDF00FEE1D9 /* NotificationsTests */ = {
			isa = PBXGroup;
			children = (
				5EC2C6AB1ADCEBDF00FEE1D9 /* NotificationsTests.m */,
				5EC2C6A91ADCEBDF00FEE1D9 /* Supporting Files */,
			);
			path = NotificationsTests;
			sourceTree = "<group>";
		};
		5EC2C6A91ADCEBDF00FEE1D9 /* Supporting Files */ = {
			isa = PBXGroup;
			children = (
				5EC2C6AA1ADCEBDF00FEE1D9 /* Info.plist */,
			);
			name = "Supporting Files";
			sourceTree = "<group>";
		};
/* End PBXGroup section */

/* Begin PBXNativeTarget section */
		5EC2C68B1ADCEBDE00FEE1D9 /* Notifications */ = {
			isa = PBXNativeTarget;
			buildConfigurationList = 5EC2C6AF1ADCEBDF00FEE1D9 /* Build configuration list for PBXNativeTarget "Notifications" */;
			buildPhases = (
				5EC2C6881ADCEBDE00FEE1D9 /* Sources */,
				5EC2C6891ADCEBDE00FEE1D9 /* Frameworks */,
				5EC2C68A1ADCEBDE00FEE1D9 /* Resources */,
			);
			buildRules = (
			);
			dependencies = (
			);
			name = Notifications;
			productName = Notifications;
			productReference = 5EC2C68C1ADCEBDE00FEE1D9 /* Notifications.app */;
			productType = "com.apple.product-type.application";
		};
		5EC2C6A41ADCEBDF00FEE1D9 /* NotificationsTests */ = {
			isa = PBXNativeTarget;
			buildConfigurationList = 5EC2C6B21ADCEBDF00FEE1D9 /* Build configuration list for PBXNativeTarget "NotificationsTests" */;
			buildPhases = (
				5EC2C6A11ADCEBDF00FEE1D9 /* Sources */,
				5EC2C6A21ADCEBDF00FEE1D9 /* Frameworks */,
				5EC2C6A31ADCEBDF00FEE1D9 /* Resources */,
			);
			buildRules = (
			);
			dependencies = (
				5EC2C6A71ADCEBDF00FEE1D9 /* PBXTargetDependency */,
			);
			name = NotificationsTests;
			productName = NotificationsTests;
			productReference = 5EC2C6A51ADCEBDF00FEE1D9 /* NotificationsTests.xctest */;
			productType = "com.apple.product-type.bundle.unit-test";
		};
/* End PBXNativeTarget section */

/* Begin PBXProject section */
		5EC2C6841ADCEBDE00FEE1D9 /* Project object */ = {
			isa = PBXProject;
			attributes = {
				LastUpgradeCheck = 0610;
				ORGANIZATIONNAME = sdl;
				TargetAttributes = {
					5EC2C68B1ADCEBDE00FEE1D9 = {
						CreatedOnToolsVersion = 6.1;
						DevelopmentTeam = 9DNQ7AHSCL;
					};
					5EC2C6A41ADCEBDF00FEE1D9 = {
						CreatedOnToolsVersion = 6.1;
						TestTargetID = 5EC2C68B1ADCEBDE00FEE1D9;
					};
				};
			};
			buildConfigurationList = 5EC2C6871ADCEBDE00FEE1D9 /* Build configuration list for PBXProject "Notifications" */;
			compatibilityVersion = "Xcode 3.2";
			developmentRegion = English;
			hasScannedForEncodings = 0;
			knownRegions = (
				en,
				Base,
			);
			mainGroup = 5EC2C6831ADCEBDE00FEE1D9;
			productRefGroup = 5EC2C68D1ADCEBDE00FEE1D9 /* Products */;
			projectDirPath = "";
			projectRoot = "";
			targets = (
				5EC2C68B1ADCEBDE00FEE1D9 /* Notifications */,
				5EC2C6A41ADCEBDF00FEE1D9 /* NotificationsTests */,
			);
		};
/* End PBXProject section */

/* Begin PBXResourcesBuildPhase section */
		5EC2C68A1ADCEBDE00FEE1D9 /* Resources */ = {
			isa = PBXResourcesBuildPhase;
			buildActionMask = 2147483647;
			files = (
				5EC2C69B1ADCEBDF00FEE1D9 /* Main.storyboard in Resources */,
				5EC2C6A01ADCEBDF00FEE1D9 /* LaunchScreen.xib in Resources */,
				5E47E0871ADF8E0100AA64E7 /* image button.png in Resources */,
				5E47E08D1ADF915800AA64E7 /* Untitled.png in Resources */,
				5E47E0931ADFACC300AA64E7 /* 414x95.png in Resources */,
				5EC2C69D1ADCEBDF00FEE1D9 /* Images.xcassets in Resources */,
			);
			runOnlyForDeploymentPostprocessing = 0;
		};
		5EC2C6A31ADCEBDF00FEE1D9 /* Resources */ = {
			isa = PBXResourcesBuildPhase;
			buildActionMask = 2147483647;
			files = (
			);
			runOnlyForDeploymentPostprocessing = 0;
		};
/* End PBXResourcesBuildPhase section */

/* Begin PBXSourcesBuildPhase section */
		5EC2C6881ADCEBDE00FEE1D9 /* Sources */ = {
			isa = PBXSourcesBuildPhase;
			buildActionMask = 2147483647;
			files = (
				5EC2C6981ADCEBDE00FEE1D9 /* ViewController.m in Sources */,
				5EC2C6951ADCEBDE00FEE1D9 /* AppDelegate.m in Sources */,
				5EC2C6921ADCEBDE00FEE1D9 /* main.m in Sources */,
			);
			runOnlyForDeploymentPostprocessing = 0;
		};
		5EC2C6A11ADCEBDF00FEE1D9 /* Sources */ = {
			isa = PBXSourcesBuildPhase;
			buildActionMask = 2147483647;
			files = (
				5EC2C6AC1ADCEBDF00FEE1D9 /* NotificationsTests.m in Sources */,
			);
			runOnlyForDeploymentPostprocessing = 0;
		};
/* End PBXSourcesBuildPhase section */

/* Begin PBXTargetDependency section */
		5EC2C6A71ADCEBDF00FEE1D9 /* PBXTargetDependency */ = {
			isa = PBXTargetDependency;
			target = 5EC2C68B1ADCEBDE00FEE1D9 /* Notifications */;
			targetProxy = 5EC2C6A61ADCEBDF00FEE1D9 /* PBXContainerItemProxy */;
		};
/* End PBXTargetDependency section */

/* Begin PBXVariantGroup section */
		5EC2C6991ADCEBDF00FEE1D9 /* Main.storyboard */ = {
			isa = PBXVariantGroup;
			children = (
				5EC2C69A1ADCEBDF00FEE1D9 /* Base */,
			);
			name = Main.storyboard;
			sourceTree = "<group>";
		};
		5EC2C69E1ADCEBDF00FEE1D9 /* LaunchScreen.xib */ = {
			isa = PBXVariantGroup;
			children = (
				5EC2C69F1ADCEBDF00FEE1D9 /* Base */,
			);
			name = LaunchScreen.xib;
			sourceTree = "<group>";
		};
/* End PBXVariantGroup section */

/* Begin XCBuildConfiguration section */
		5EC2C6AD1ADCEBDF00FEE1D9 /* Debug */ = {
			isa = XCBuildConfiguration;
			buildSettings = {
				ALWAYS_SEARCH_USER_PATHS = NO;
				CLANG_CXX_LANGUAGE_STANDARD = "gnu++0x";
				CLANG_CXX_LIBRARY = "libc++";
				CLANG_ENABLE_MODULES = YES;
				CLANG_ENABLE_OBJC_ARC = YES;
				CLANG_WARN_BOOL_CONVERSION = YES;
				CLANG_WARN_CONSTANT_CONVERSION = YES;
				CLANG_WARN_DIRECT_OBJC_ISA_USAGE = YES_ERROR;
				CLANG_WARN_EMPTY_BODY = YES;
				CLANG_WARN_ENUM_CONVERSION = YES;
				CLANG_WARN_INT_CONVERSION = YES;
				CLANG_WARN_OBJC_ROOT_CLASS = YES_ERROR;
				CLANG_WARN_UNREACHABLE_CODE = YES;
				CLANG_WARN__DUPLICATE_METHOD_MATCH = YES;
				"CODE_SIGN_IDENTITY[sdk=iphoneos*]" = "iPhone Developer";
				COPY_PHASE_STRIP = NO;
				ENABLE_STRICT_OBJC_MSGSEND = YES;
				GCC_C_LANGUAGE_STANDARD = gnu99;
				GCC_DYNAMIC_NO_PIC = NO;
				GCC_OPTIMIZATION_LEVEL = 0;
				GCC_PREPROCESSOR_DEFINITIONS = (
					"DEBUG=1",
					"$(inherited)",
				);
				GCC_SYMBOLS_PRIVATE_EXTERN = NO;
				GCC_WARN_64_TO_32_BIT_CONVERSION = YES;
				GCC_WARN_ABOUT_RETURN_TYPE = YES_ERROR;
				GCC_WARN_UNDECLARED_SELECTOR = YES;
				GCC_WARN_UNINITIALIZED_AUTOS = YES_AGGRESSIVE;
				GCC_WARN_UNUSED_FUNCTION = YES;
				GCC_WARN_UNUSED_VARIABLE = YES;
				IPHONEOS_DEPLOYMENT_TARGET = 8.1;
				MTL_ENABLE_DEBUG_INFO = YES;
				ONLY_ACTIVE_ARCH = YES;
				SDKROOT = iphoneos;
				TARGETED_DEVICE_FAMILY = "1,2";
			};
			name = Debug;
		};
		5EC2C6AE1ADCEBDF00FEE1D9 /* Release */ = {
			isa = XCBuildConfiguration;
			buildSettings = {
				ALWAYS_SEARCH_USER_PATHS = NO;
				CLANG_CXX_LANGUAGE_STANDARD = "gnu++0x";
				CLANG_CXX_LIBRARY = "libc++";
				CLANG_ENABLE_MODULES = YES;
				CLANG_ENABLE_OBJC_ARC = YES;
				CLANG_WARN_BOOL_CONVERSION = YES;
				CLANG_WARN_CONSTANT_CONVERSION = YES;
				CLANG_WARN_DIRECT_OBJC_ISA_USAGE = YES_ERROR;
				CLANG_WARN_EMPTY_BODY = YES;
				CLANG_WARN_ENUM_CONVERSION = YES;
				CLANG_WARN_INT_CONVERSION = YES;
				CLANG_WARN_OBJC_ROOT_CLASS = YES_ERROR;
				CLANG_WARN_UNREACHABLE_CODE = YES;
				CLANG_WARN__DUPLICATE_METHOD_MATCH = YES;
				"CODE_SIGN_IDENTITY[sdk=iphoneos*]" = "iPhone Developer";
				COPY_PHASE_STRIP = YES;
				ENABLE_NS_ASSERTIONS = NO;
				ENABLE_STRICT_OBJC_MSGSEND = YES;
				GCC_C_LANGUAGE_STANDARD = gnu99;
				GCC_WARN_64_TO_32_BIT_CONVERSION = YES;
				GCC_WARN_ABOUT_RETURN_TYPE = YES_ERROR;
				GCC_WARN_UNDECLARED_SELECTOR = YES;
				GCC_WARN_UNINITIALIZED_AUTOS = YES_AGGRESSIVE;
				GCC_WARN_UNUSED_FUNCTION = YES;
				GCC_WARN_UNUSED_VARIABLE = YES;
				IPHONEOS_DEPLOYMENT_TARGET = 8.1;
				MTL_ENABLE_DEBUG_INFO = NO;
				SDKROOT = iphoneos;
				TARGETED_DEVICE_FAMILY = "1,2";
				VALIDATE_PRODUCT = YES;
			};
			name = Release;
		};
		5EC2C6B01ADCEBDF00FEE1D9 /* Debug */ = {
			isa = XCBuildConfiguration;
			buildSettings = {
				ASSETCATALOG_COMPILER_APPICON_NAME = AppIcon;
				CODE_SIGN_IDENTITY = "iPhone Developer";
				"CODE_SIGN_IDENTITY[sdk=iphoneos*]" = "iPhone Developer";
				INFOPLIST_FILE = Notifications/Info.plist;
				IPHONEOS_DEPLOYMENT_TARGET = 8.0;
				LD_RUNPATH_SEARCH_PATHS = "$(inherited) @executable_path/Frameworks";
				PRODUCT_NAME = "$(TARGET_NAME)";
				PROVISIONING_PROFILE = "";
				TARGETED_DEVICE_FAMILY = "1,2";
			};
			name = Debug;
		};
		5EC2C6B11ADCEBDF00FEE1D9 /* Release */ = {
			isa = XCBuildConfiguration;
			buildSettings = {
				ASSETCATALOG_COMPILER_APPICON_NAME = AppIcon;
				CODE_SIGN_IDENTITY = "iPhone Developer";
				"CODE_SIGN_IDENTITY[sdk=iphoneos*]" = "iPhone Developer";
				INFOPLIST_FILE = Notifications/Info.plist;
				IPHONEOS_DEPLOYMENT_TARGET = 8.0;
				LD_RUNPATH_SEARCH_PATHS = "$(inherited) @executable_path/Frameworks";
				PRODUCT_NAME = "$(TARGET_NAME)";
				PROVISIONING_PROFILE = "";
				TARGETED_DEVICE_FAMILY = "1,2";
			};
			name = Release;
		};
		5EC2C6B31ADCEBDF00FEE1D9 /* Debug */ = {
			isa = XCBuildConfiguration;
			buildSettings = {
				BUNDLE_LOADER = "$(TEST_HOST)";
				FRAMEWORK_SEARCH_PATHS = (
					"$(SDKROOT)/Developer/Library/Frameworks",
					"$(inherited)",
				);
				GCC_PREPROCESSOR_DEFINITIONS = (
					"DEBUG=1",
					"$(inherited)",
				);
				INFOPLIST_FILE = NotificationsTests/Info.plist;
				LD_RUNPATH_SEARCH_PATHS = "$(inherited) @executable_path/Frameworks @loader_path/Frameworks";
				PRODUCT_NAME = "$(TARGET_NAME)";
				TEST_HOST = "$(BUILT_PRODUCTS_DIR)/Notifications.app/Notifications";
			};
			name = Debug;
		};
		5EC2C6B41ADCEBDF00FEE1D9 /* Release */ = {
			isa = XCBuildConfiguration;
			buildSettings = {
				BUNDLE_LOADER = "$(TEST_HOST)";
				FRAMEWORK_SEARCH_PATHS = (
					"$(SDKROOT)/Developer/Library/Frameworks",
					"$(inherited)",
				);
				INFOPLIST_FILE = NotificationsTests/Info.plist;
				LD_RUNPATH_SEARCH_PATHS = "$(inherited) @executable_path/Frameworks @loader_path/Frameworks";
				PRODUCT_NAME = "$(TARGET_NAME)";
				TEST_HOST = "$(BUILT_PRODUCTS_DIR)/Notifications.app/Notifications";
			};
			name = Release;
		};
/* End XCBuildConfiguration section */

/* Begin XCConfigurationList section */
		5EC2C6871ADCEBDE00FEE1D9 /* Build configuration list for PBXProject "Notifications" */ = {
			isa = XCConfigurationList;
			buildConfigurations = (
				5EC2C6AD1ADCEBDF00FEE1D9 /* Debug */,
				5EC2C6AE1ADCEBDF00FEE1D9 /* Release */,
			);
			defaultConfigurationIsVisible = 0;
			defaultConfigurationName = Release;
		};
		5EC2C6AF1ADCEBDF00FEE1D9 /* Build configuration list for PBXNativeTarget "Notifications" */ = {
			isa = XCConfigurationList;
			buildConfigurations = (
				5EC2C6B01ADCEBDF00FEE1D9 /* Debug */,
				5EC2C6B11ADCEBDF00FEE1D9 /* Release */,
			);
			defaultConfigurationIsVisible = 0;
			defaultConfigurationName = Release;
		};
		5EC2C6B21ADCEBDF00FEE1D9 /* Build configuration list for PBXNativeTarget "NotificationsTests" */ = {
			isa = XCConfigurationList;
			buildConfigurations = (
				5EC2C6B31ADCEBDF00FEE1D9 /* Debug */,
				5EC2C6B41ADCEBDF00FEE1D9 /* Release */,
			);
			defaultConfigurationIsVisible = 0;
			defaultConfigurationName = Release;
		};
/* End XCConfigurationList section */
	};
	rootObject = 5EC2C6841ADCEBDE00FEE1D9 /* Project object */;
}
